github.com/gethugothemes/hugo-modules/components/cookie-consent v0.0.0-20220831094919-f514464bb3eb h1:MwtATLjVVygSXOnhK688SxlzaaUn7EEg9nrVls00sec=
github.com/gethugothemes/hugo-modules/components/cookie-consent v0.0.0-20220831094919-f514464bb3eb/go.mod h1:sWzPbaJoZU+0ca82cv8xynDdCaFdr1WHMK1PTrK0EiM=
github.com/gethugothemes/hugo-modules/components/crisp-chat v0.0.0-20220831094919-f514464bb3eb h1:0RDoh1fpMPAYUUQU0BObdXAZBNv0m+tUqSPCgDsbHjM=
github.com/gethugothemes/hugo-modules/components/crisp-chat v0.0.0-20220831094919-f514464bb3eb/go.mod h1:/L7x+khoD2wloSHE6aPw4Pa/70IWn6aLaSDYP10qasc=
github.com/gethugothemes/hugo-modules/components/preloader v0.0.0-20220831094919-f514464bb3eb h1:dSPCTh+/qJ1foXPSatvqjjBiSb0UlUdB2STP4K3D7Ms=
github.com/gethugothemes/hugo-modules/components/preloader v0.0.0-20220831094919-f514464bb3eb/go.mod h1:cge+6t2v+Z8CO/K94FwP7uMZoF+bzA0ctxaLh1WHrHc=
github.com/gethugothemes/hugo-modules/components/render-link v0.0.0-20220831094919-f514464bb3eb h1:vVrcD8l4H9Oz7Z/melpQrt7i58p+DmKfwtms5nTm2sQ=
github.com/gethugothemes/hugo-modules/components/render-link v0.0.0-20220831094919-f514464bb3eb/go.mod h1:+TDlxJ8OIYePBAcGVJVBXjEtawfvXU6ulU8w4LEgyOI=
github.com/gethugothemes/hugo-modules/components/social-share v0.0.0-20220831094919-f514464bb3eb h1:qg8+1RXbqc8JecQxDzf7shWTrJ6moDfN8/QiJLV6WHI=
github.com/gethugothemes/hugo-modules/components/social-share v0.0.0-20220831094919-f514464bb3eb/go.mod h1:v5oZkYiFVUGtOO2DLYLaKaKQ3wvoX9hhRqtKK2hfVHs=
github.com/gethugothemes/hugo-modules/components/valine-comment v0.0.0-20220831094919-f514464bb3eb h1:Ttk/LyzEcXGQHHDY0V8lsBqGqDr4BbnWJGRehP4pAfk=
github.com/gethugothemes/hugo-modules/components/valine-comment v0.0.0-20220831094919-f514464bb3eb/go.mod h1:q8rNqaMkS6gexC3UBzWgbzLoOPRCCsTH/RcpxRMR984=
github.com/gethugothemes/hugo-modules/gzip-caching v0.0.0-20220831094919-f514464bb3eb h1:bGkPN/faPTm8esHPBnlPoc8S755/gvnu5oVZRDCpIlw=
github.com/gethugothemes/hugo-modules/gzip-caching v0.0.0-20220831094919-f514464bb3eb/go.mod h1:L6OgQZzB2qmj5499M4XSAvUXKG/vo6Sgmyaosjsjj84=
github.com/gethugothemes/hugo-modules/icons/font-awesome v0.0.0-20220831094919-f514464bb3eb h1:eodqP/9AEXHBV3Sop2nsfAsp2en0HZJJUxq90pDjV6U=
github.com/gethugothemes/hugo-modules/icons/font-awesome v0.0.0-20220831094919-f514464bb3eb/go.mod h1:6oWFTnmfHxtDU3t6Wj4d4lmvBg/cZLb1l5CpnfOiS0c=
github.com/gethugothemes/hugo-modules/images v0.0.0-20220831094919-f514464bb3eb h1:kxaFaOIK2U4XHP6/uPQjDpmjVzOJ2C2OLuNoYqSz09c=
github.com/gethugothemes/hugo-modules/images v0.0.0-20220831094919-f514464bb3eb/go.mod h1:kmJnNFAQo/bls1U8QpUD99FSB0ZqaiLI0NoxNIWBqg0=
github.com/gethugothemes/hugo-modules/pwa v0.0.0-20220831094919-f514464bb3eb h1:Z5Iby6M5Y/nFZZZlXwO/Wf1HJsejaVklEv82yGGiPGw=
github.com/gethugothemes/hugo-modules/pwa v0.0.0-20220831094919-f514464bb3eb/go.mod h1:Md7tUKcLT/eGRi4OTKpi3AxHxZJULdDFUL/VOAMZe24=
github.com/gethugothemes/hugo-modules/seo-tools/baidu-analytics v0.0.0-20220831094919-f514464bb3eb h1:rcWuLEj5GVOnDfmZWHFmjXVMVgWH9uPHXbc9ZCKnzOg=
github.com/gethugothemes/hugo-modules/seo-tools/baidu-analytics v0.0.0-20220831094919-f514464bb3eb/go.mod h1:5nK/nKxJjbLhiYwTAsDqcJM9TuXC/XYrs+kA2l3V78g=
github.com/gethugothemes/hugo-modules/seo-tools/basic-seo v0.0.0-20220831094919-f514464bb3eb h1:na64/YEiFTMzXtyDYQ+2TF2nyhqu0NWVAzK2LMq4+6k=
github.com/gethugothemes/hugo-modules/seo-tools/basic-seo v0.0.0-20220831094919-f514464bb3eb/go.mod h1:1NoEXD4ibH6gAzyS4HwJqc6nXoQYUJBMpCfWdQzzm8A=
github.com/gethugothemes/hugo-modules/seo-tools/counter-analytics v0.0.0-20220831094919-f514464bb3eb h1:1M0V6vb0OhiM7txQ1SDJqBnu1HEEgMysdnU4q8EXd5c=
github.com/gethugothemes/hugo-modules/seo-tools/counter-analytics v0.0.0-20220831094919-f514464bb3eb/go.mod h1:iTvG1ZX6AuQnVS7w2egtzlYiCFHS8ydtNkiFSf2ah+Y=
github.com/gethugothemes/hugo-modules/seo-tools/google-tag-manager v0.0.0-20220831094919-f514464bb3eb h1:1heHk18oMn4p/3+tDqQWsFGmm7YX4TCx7N2E7+/JeJI=
github.com/gethugothemes/hugo-modules/seo-tools/google-tag-manager v0.0.0-20220831094919-f514464bb3eb/go.mod h1:zORKJDYM+W1S7BL3OD7vB/W3skoJzDude5wSS7xh7u4=
github.com/gethugothemes/hugo-modules/seo-tools/matomo-analytics v0.0.0-20220831094919-f514464bb3eb h1:cyBldN+qRiV/nQgr/KRfViehsjHukP8BtKZwERhh/Vo=
github.com/gethugothemes/hugo-modules/seo-tools/matomo-analytics v0.0.0-20220831094919-f514464bb3eb/go.mod h1:CCx/ROCbZydd/KxGwIEp/BHLSpeG7QqS04gQv/jHIv4=
github.com/gethugothemes/hugo-modules/seo-tools/plausible-analytics v0.0.0-20220831094919-f514464bb3eb h1:OCWUOeXwdN/DgXaipfDTQHkKZ5glCsISRIgpspCk8kg=
github.com/gethugothemes/hugo-modules/seo-tools/plausible-analytics v0.0.0-20220831094919-f514464bb3eb/go.mod h1:Q/QQkcNHEAolYrtxZ8EFVCv8ah2CrHhQ3+mbPvGzmKg=
github.com/gethugothemes/hugo-modules/seo-tools/site-verifications v0.0.0-20220831094919-f514464bb3eb h1:IjNZtWCff8vtOmV7xDkqC11lmH4SyE26VgIQ853W/bs=
github.com/gethugothemes/hugo-modules/seo-tools/site-verifications v0.0.0-20220831094919-f514464bb3eb/go.mod h1:tHubpePaBJfKBbNA4TVluIFU6a8XnnR+PaTScpfZE2w=
github.com/gethugothemes/hugo-modules/shortcodes/buttons v0.0.0-20220831094919-f514464bb3eb h1:fq9IhzcOtX8ir20UjA3BRAmz0lr8Toh+koJ4dTROvYw=
github.com/gethugothemes/hugo-modules/shortcodes/buttons v0.0.0-20220831094919-f514464bb3eb/go.mod h1:4KE94YGEyfAHgYJKmQhHVm4U6zF8udSNr0AyeAU1oCU=
github.com/gethugothemes/hugo-modules/shortcodes/codepen v0.0.0-20220831094919-f514464bb3eb h1:QTLSEMm00gPnYZ/9IqTeY7XXMKLsCu/uFtC5aa72UFc=
github.com/gethugothemes/hugo-modules/shortcodes/codepen v0.0.0-20220831094919-f514464bb3eb/go.mod h1:sxfCbmKAcHTpApzOji672pLZ41YXy/Piy/L/rK5RnkI=
github.com/gethugothemes/hugo-modules/shortcodes/collapse v0.0.0-20220831094919-f514464bb3eb h1:ZgfoRkkIFKSX8OD4+QeYmxnwmiSdUrFABY2z3NnnYE4=
github.com/gethugothemes/hugo-modules/shortcodes/collapse v0.0.0-20220831094919-f514464bb3eb/go.mod h1:9Bq8rrzsHP0H4cnlGh9Jgx+Y+iof1+7CWK/a3nImHCc=
github.com/gethugothemes/hugo-modules/shortcodes/gallery v0.0.0-20220831094919-f514464bb3eb h1:hYjVziQlVJF67/FEjKBSp2hg6VsnfgfaOnyicNU0E84=
github.com/gethugothemes/hugo-modules/shortcodes/gallery v0.0.0-20220831094919-f514464bb3eb/go.mod h1:0IiyZojIP4jdCJjnFT7gAmPGzl/ZrAEN5fgZ1wcaWX4=
github.com/gethugothemes/hugo-modules/shortcodes/image v0.0.0-20220831094919-f514464bb3eb h1:ZPsk5LQEvgJ+EmxwpNmQwalLISvPtKlVz+dVxAgWEBo=
github.com/gethugothemes/hugo-modules/shortcodes/image v0.0.0-20220831094919-f514464bb3eb/go.mod h1:HQLF/WH52nSjSIo3DeztUZ+wLj+UlgeR2dwgtE2EqUg=
github.com/gethugothemes/hugo-modules/shortcodes/notice v0.0.0-20220831094919-f514464bb3eb h1:LRcbAiJpwEiHCRm1grZm569M+iHFKdQOx/wl6s3MGzE=
github.com/gethugothemes/hugo-modules/shortcodes/notice v0.0.0-20220831094919-f514464bb3eb/go.mod h1:n2yAJO6bRpUQ1KDyTZhYeL+0p18gslzqFaDjzDxUeyk=
github.com/gethugothemes/hugo-modules/shortcodes/table-of-contents v0.0.0-20220831094919-f514464bb3eb h1:BSOqbTzkAYvyb8ylMMZ4ooyj6deL2g1yj4BvbqVJHf4=
github.com/gethugothemes/hugo-modules/shortcodes/table-of-contents v0.0.0-20220831094919-f514464bb3eb/go.mod h1:E23tqmkeXRMR8IU8hTpG2oPM23MqV2FvCMcR1Xhg7nk=
github.com/gethugothemes/hugo-modules/shortcodes/tabs v0.0.0-20220831094919-f514464bb3eb h1:PDpJrLePbLgBNsH+tDguI7btwcLvhnguQXarvF50WHg=
github.com/gethugothemes/hugo-modules/shortcodes/tabs v0.0.0-20220831094919-f514464bb3eb/go.mod h1:1GbDNUufvDpQkk91HLfNsY041+1Y8q64ZJRNwreUhzY=
github.com/gethugothemes/hugo-modules/shortcodes/video v0.0.0-20220831094919-f514464bb3eb h1:OG2XK4NzHL0t6na2yVz9ku835W+YreAirTsumxCpOh4=
github.com/gethugothemes/hugo-modules/shortcodes/video v0.0.0-20220831094919-f514464bb3eb/go.mod h1:0CCU/WXfZEL5d9P/ygxCwIBoFk3O2eNf3g8KlX/2oBw=
github.com/gethugothemes/hugo-modules/shortcodes/vimeo-lite v0.0.0-20220831094919-f514464bb3eb h1:XVqv5d9D5C5oI76LmrJ9cqEA0rF0t/uhexFS6YO1Mpo=
github.com/gethugothemes/hugo-modules/shortcodes/vimeo-lite v0.0.0-20220831094919-f514464bb3eb/go.mod h1:wwR/HpUs1unDwSpnBKqhjEj69zfkaSRXOYX+aDdyMzA=
github.com/gethugothemes/hugo-modules/shortcodes/youtube-lite v0.0.0-20220831094919-f514464bb3eb h1:ANFQzrcfNA/hWiDqXD1Ha00im13zOPOgfX/e1UcgC9M=
github.com/gethugothemes/hugo-modules/shortcodes/youtube-lite v0.0.0-20220831094919-f514464bb3eb/go.mod h1:PPyKn2XwfX8A8jt8J24w6XpTOFpsiDk6kz7/HfsF+Jc=
github.com/gohugoio/hugo-mod-bootstrap-scss/v5 v5.20101.20300 h1:1Xe5fPOjFpMakBfsXKzzKtdu/sfqoM0o7JuSp2l1RiU=
github.com/gohugoio/hugo-mod-bootstrap-scss/v5 v5.20101.20300/go.mod h1:/FiWjAJyOiVrC2vDur97ogmWIaBB+YS6jH7nf6cm+3E=
github.com/gohugoio/hugo-mod-jslibs-dist/popperjs/v2 v2.21100.20000/go.mod h1:mFberT6ZtcchrsDtfvJM7aAH2bDKLdOnruUHl0hlapI=
github.com/twbs/bootstrap v5.1.3+incompatible/go.mod h1:fZTSrkpSf0/HkL0IIJzvVspTt1r9zuf7XlZau8kpcY0=
