github.com/gethugothemes/hugo-modules/components/cookie-consent v0.0.0-20221016100538-f0227262a724 h1:Fx0D9U476+UFuel3rcWvejThVCpzqCzprROxJyTwguE=
github.com/gethugothemes/hugo-modules/components/cookie-consent v0.0.0-20221016100538-f0227262a724/go.mod h1:sWzPbaJoZU+0ca82cv8xynDdCaFdr1WHMK1PTrK0EiM=
github.com/gethugothemes/hugo-modules/components/crisp-chat v0.0.0-20221016100538-f0227262a724 h1:0UUfZiZYus3LMFBPBOHd7rzRHvcqFEpRkgk5NRF5boQ=
github.com/gethugothemes/hugo-modules/components/crisp-chat v0.0.0-20221016100538-f0227262a724/go.mod h1:/L7x+khoD2wloSHE6aPw4Pa/70IWn6aLaSDYP10qasc=
github.com/gethugothemes/hugo-modules/components/preloader v0.0.0-20221016100538-f0227262a724 h1:G67d2uFU0//lLHJVoxoI1fWnFdR9l2WoZW2CHe/0T84=
github.com/gethugothemes/hugo-modules/components/preloader v0.0.0-20221016100538-f0227262a724/go.mod h1:cge+6t2v+Z8CO/K94FwP7uMZoF+bzA0ctxaLh1WHrHc=
github.com/gethugothemes/hugo-modules/components/render-link v0.0.0-20221016100538-f0227262a724 h1:C9uGytefbofe2ZrqzvFnA9ol0r4z44+uTns49LoRanU=
github.com/gethugothemes/hugo-modules/components/render-link v0.0.0-20221016100538-f0227262a724/go.mod h1:+TDlxJ8OIYePBAcGVJVBXjEtawfvXU6ulU8w4LEgyOI=
github.com/gethugothemes/hugo-modules/components/social-share v0.0.0-20221016100538-f0227262a724 h1:G2zZ7W2XFXcFno4+OEw8WFZPkKEjlvVmq/WU6OupyrA=
github.com/gethugothemes/hugo-modules/components/social-share v0.0.0-20221016100538-f0227262a724/go.mod h1:v5oZkYiFVUGtOO2DLYLaKaKQ3wvoX9hhRqtKK2hfVHs=
github.com/gethugothemes/hugo-modules/components/valine-comment v0.0.0-20221016100538-f0227262a724 h1:yyYkXD8EFbwoJHJLNwby7wAdRLYc76BRVGSWZfu1adE=
github.com/gethugothemes/hugo-modules/components/valine-comment v0.0.0-20221016100538-f0227262a724/go.mod h1:q8rNqaMkS6gexC3UBzWgbzLoOPRCCsTH/RcpxRMR984=
github.com/gethugothemes/hugo-modules/gzip-caching v0.0.0-20221016100538-f0227262a724 h1:oTTJnvxOtHh5iNifw2LZoFp5nmkOm/JHeFQd3BnnKfE=
github.com/gethugothemes/hugo-modules/gzip-caching v0.0.0-20221016100538-f0227262a724/go.mod h1:L6OgQZzB2qmj5499M4XSAvUXKG/vo6Sgmyaosjsjj84=
github.com/gethugothemes/hugo-modules/icons/font-awesome v0.0.0-20221016100538-f0227262a724 h1:1wNKhfSyJTmxtZTF7XJ9e1RH1pIc755+R0lshcBzMrE=
github.com/gethugothemes/hugo-modules/icons/font-awesome v0.0.0-20221016100538-f0227262a724/go.mod h1:6oWFTnmfHxtDU3t6Wj4d4lmvBg/cZLb1l5CpnfOiS0c=
github.com/gethugothemes/hugo-modules/images v0.0.0-20221016100538-f0227262a724 h1:4oY01EN7m8domFuuhoE+JXG9daysE2Fluc3w6YujY7A=
github.com/gethugothemes/hugo-modules/images v0.0.0-20221016100538-f0227262a724/go.mod h1:kmJnNFAQo/bls1U8QpUD99FSB0ZqaiLI0NoxNIWBqg0=
github.com/gethugothemes/hugo-modules/pwa v0.0.0-20221016100538-f0227262a724 h1:1H9VG1HwUrkS34IrL2c2SWN+ANJI/0QLylE2TsFz/9E=
github.com/gethugothemes/hugo-modules/pwa v0.0.0-20221016100538-f0227262a724/go.mod h1:Md7tUKcLT/eGRi4OTKpi3AxHxZJULdDFUL/VOAMZe24=
github.com/gethugothemes/hugo-modules/seo-tools/baidu-analytics v0.0.0-20221016100538-f0227262a724 h1:gjcQKZp+radkkKnjXqaOZHgWUj3Ns8sPUgH9HUSXCoE=
github.com/gethugothemes/hugo-modules/seo-tools/baidu-analytics v0.0.0-20221016100538-f0227262a724/go.mod h1:5nK/nKxJjbLhiYwTAsDqcJM9TuXC/XYrs+kA2l3V78g=
github.com/gethugothemes/hugo-modules/seo-tools/basic-seo v0.0.0-20221016100538-f0227262a724 h1:owurVusPkOUe0c+6qabPWfxfhRWqHXJIkd1qQ3gjfEc=
github.com/gethugothemes/hugo-modules/seo-tools/basic-seo v0.0.0-20221016100538-f0227262a724/go.mod h1:1NoEXD4ibH6gAzyS4HwJqc6nXoQYUJBMpCfWdQzzm8A=
github.com/gethugothemes/hugo-modules/seo-tools/counter-analytics v0.0.0-20221016100538-f0227262a724 h1:Cm65h8c6ZzqxC0va1byX1hFQ88NBjghJ4W0o7/a9FnA=
github.com/gethugothemes/hugo-modules/seo-tools/counter-analytics v0.0.0-20221016100538-f0227262a724/go.mod h1:iTvG1ZX6AuQnVS7w2egtzlYiCFHS8ydtNkiFSf2ah+Y=
github.com/gethugothemes/hugo-modules/seo-tools/google-tag-manager v0.0.0-20221016100538-f0227262a724 h1:8RBZi8Eia4U0SnmnAqhi8WO49JXAdD2tjGxd1O2SZro=
github.com/gethugothemes/hugo-modules/seo-tools/google-tag-manager v0.0.0-20221016100538-f0227262a724/go.mod h1:zORKJDYM+W1S7BL3OD7vB/W3skoJzDude5wSS7xh7u4=
github.com/gethugothemes/hugo-modules/seo-tools/matomo-analytics v0.0.0-20221016100538-f0227262a724 h1:D5n3lwJ09ZDu5kyHhKRtShAkOHj8hnniksnwufbDh6Q=
github.com/gethugothemes/hugo-modules/seo-tools/matomo-analytics v0.0.0-20221016100538-f0227262a724/go.mod h1:CCx/ROCbZydd/KxGwIEp/BHLSpeG7QqS04gQv/jHIv4=
github.com/gethugothemes/hugo-modules/seo-tools/plausible-analytics v0.0.0-20221016100538-f0227262a724 h1:soEfu96g7YrTFQMd9xe8Wa2akf4oL6c7/DUY9Nhu4Ao=
github.com/gethugothemes/hugo-modules/seo-tools/plausible-analytics v0.0.0-20221016100538-f0227262a724/go.mod h1:Q/QQkcNHEAolYrtxZ8EFVCv8ah2CrHhQ3+mbPvGzmKg=
github.com/gethugothemes/hugo-modules/seo-tools/site-verifications v0.0.0-20221016100538-f0227262a724 h1:TgsV7oQ3q5VHcg9SNXq7y742Rs2xiUADM3XVznxGOCE=
github.com/gethugothemes/hugo-modules/seo-tools/site-verifications v0.0.0-20221016100538-f0227262a724/go.mod h1:tHubpePaBJfKBbNA4TVluIFU6a8XnnR+PaTScpfZE2w=
github.com/gethugothemes/hugo-modules/shortcodes/buttons v0.0.0-20221016100538-f0227262a724 h1:hD6KV7NcAsjkMvec3XYo5s0dEWdrJQ/dtxfroIS3V2k=
github.com/gethugothemes/hugo-modules/shortcodes/buttons v0.0.0-20221016100538-f0227262a724/go.mod h1:4KE94YGEyfAHgYJKmQhHVm4U6zF8udSNr0AyeAU1oCU=
github.com/gethugothemes/hugo-modules/shortcodes/codepen v0.0.0-20221016100538-f0227262a724 h1:cp8S/kHwHhFYmqE/a8JXvhVIQ+wTO0nIGCbX+ozHF/k=
github.com/gethugothemes/hugo-modules/shortcodes/codepen v0.0.0-20221016100538-f0227262a724/go.mod h1:sxfCbmKAcHTpApzOji672pLZ41YXy/Piy/L/rK5RnkI=
github.com/gethugothemes/hugo-modules/shortcodes/collapse v0.0.0-20221016100538-f0227262a724 h1:glwLO7IFhaw8cVA50ThXIhZIEdCYMu5GKbU3iBZPeyU=
github.com/gethugothemes/hugo-modules/shortcodes/collapse v0.0.0-20221016100538-f0227262a724/go.mod h1:9Bq8rrzsHP0H4cnlGh9Jgx+Y+iof1+7CWK/a3nImHCc=
github.com/gethugothemes/hugo-modules/shortcodes/gallery v0.0.0-20221016100538-f0227262a724 h1:s5Sf4eonoQwJjBb2P1MVwjCSYyiA/aWbh9NRCyMNSE8=
github.com/gethugothemes/hugo-modules/shortcodes/gallery v0.0.0-20221016100538-f0227262a724/go.mod h1:0IiyZojIP4jdCJjnFT7gAmPGzl/ZrAEN5fgZ1wcaWX4=
github.com/gethugothemes/hugo-modules/shortcodes/image v0.0.0-20221016100538-f0227262a724 h1:KT6uHKbcKQfyY/YRVZ2NIu3vprgFO5m+rKJOavCmq0s=
github.com/gethugothemes/hugo-modules/shortcodes/image v0.0.0-20221016100538-f0227262a724/go.mod h1:HQLF/WH52nSjSIo3DeztUZ+wLj+UlgeR2dwgtE2EqUg=
github.com/gethugothemes/hugo-modules/shortcodes/notice v0.0.0-20221016100538-f0227262a724 h1:g+ulq6WhMu7C0Nwx/K99F4Uxupt+bsqEbUTcAq37nWk=
github.com/gethugothemes/hugo-modules/shortcodes/notice v0.0.0-20221016100538-f0227262a724/go.mod h1:n2yAJO6bRpUQ1KDyTZhYeL+0p18gslzqFaDjzDxUeyk=
github.com/gethugothemes/hugo-modules/shortcodes/table-of-contents v0.0.0-20221016100538-f0227262a724 h1:3eWvb5DO6HQCMoBIVD/oAI7Xcn05lbSM8beSr4XArWY=
github.com/gethugothemes/hugo-modules/shortcodes/table-of-contents v0.0.0-20221016100538-f0227262a724/go.mod h1:E23tqmkeXRMR8IU8hTpG2oPM23MqV2FvCMcR1Xhg7nk=
github.com/gethugothemes/hugo-modules/shortcodes/tabs v0.0.0-20221016100538-f0227262a724 h1:GB/tNAwVPvolbJbQbSPJU1jBRjdgl20tDWYOSF2vV10=
github.com/gethugothemes/hugo-modules/shortcodes/tabs v0.0.0-20221016100538-f0227262a724/go.mod h1:1GbDNUufvDpQkk91HLfNsY041+1Y8q64ZJRNwreUhzY=
github.com/gethugothemes/hugo-modules/shortcodes/video v0.0.0-20221016100538-f0227262a724 h1:QAvU3Lw7Koz1tZDjbAwSz4nYvWBy981OxzzrGXVYaEs=
github.com/gethugothemes/hugo-modules/shortcodes/video v0.0.0-20221016100538-f0227262a724/go.mod h1:0CCU/WXfZEL5d9P/ygxCwIBoFk3O2eNf3g8KlX/2oBw=
github.com/gethugothemes/hugo-modules/shortcodes/vimeo-lite v0.0.0-20221016100538-f0227262a724 h1:D33pp1Qp9VDL222F+CblQqD0+PDp+WVV94Kgf5aLl4c=
github.com/gethugothemes/hugo-modules/shortcodes/vimeo-lite v0.0.0-20221016100538-f0227262a724/go.mod h1:wwR/HpUs1unDwSpnBKqhjEj69zfkaSRXOYX+aDdyMzA=
github.com/gethugothemes/hugo-modules/shortcodes/youtube-lite v0.0.0-20221016100538-f0227262a724 h1:cSwF8V4s65oaP4zQiOKIaxqQxL3B58q4piW6sXT8BVY=
github.com/gethugothemes/hugo-modules/shortcodes/youtube-lite v0.0.0-20221016100538-f0227262a724/go.mod h1:PPyKn2XwfX8A8jt8J24w6XpTOFpsiDk6kz7/HfsF+Jc=
github.com/gohugoio/hugo-mod-bootstrap-scss/v5 v5.20200.20100 h1:YfBUWb8p0QBkMjabA6bFhhzwbz37SBVW7b7OUCFgZUE=
github.com/gohugoio/hugo-mod-bootstrap-scss/v5 v5.20200.20100/go.mod h1:Z5Bhe4pfn8reoHhWqCQMWEAynLCIeBAt1TDwni4fipM=
github.com/gohugoio/hugo-mod-jslibs-dist/popperjs/v2 v2.21100.20000/go.mod h1:mFberT6ZtcchrsDtfvJM7aAH2bDKLdOnruUHl0hlapI=
github.com/twbs/bootstrap v5.2.1+incompatible/go.mod h1:fZTSrkpSf0/HkL0IIJzvVspTt1r9zuf7XlZau8kpcY0=
