github.com/gethugothemes/hugo-modules/components/cookie-consent v0.0.0-20220928070555-df11ed43c2ec h1:9T2elP1Wix6dvG+IStFpvmLnciHMEsgfYfmt6HUSiEw=
github.com/gethugothemes/hugo-modules/components/cookie-consent v0.0.0-20220928070555-df11ed43c2ec/go.mod h1:sWzPbaJoZU+0ca82cv8xynDdCaFdr1WHMK1PTrK0EiM=
github.com/gethugothemes/hugo-modules/components/crisp-chat v0.0.0-20220928070555-df11ed43c2ec h1:5TW+/lHGgvB5qGYa1Q2ZxUUeauMMWfqBojAlO09Xa3M=
github.com/gethugothemes/hugo-modules/components/crisp-chat v0.0.0-20220928070555-df11ed43c2ec/go.mod h1:/L7x+khoD2wloSHE6aPw4Pa/70IWn6aLaSDYP10qasc=
github.com/gethugothemes/hugo-modules/components/preloader v0.0.0-20220928070555-df11ed43c2ec h1:txLqXRtksvsoHdsN5WwYVpw/e1f2F3TM5rkrgp+2VOg=
github.com/gethugothemes/hugo-modules/components/preloader v0.0.0-20220928070555-df11ed43c2ec/go.mod h1:cge+6t2v+Z8CO/K94FwP7uMZoF+bzA0ctxaLh1WHrHc=
github.com/gethugothemes/hugo-modules/components/render-link v0.0.0-20220928070555-df11ed43c2ec h1:WVUMCsQTvFoeAVcTxE6jWtg+8R/6dt3Qynkns2nsNSc=
github.com/gethugothemes/hugo-modules/components/render-link v0.0.0-20220928070555-df11ed43c2ec/go.mod h1:+TDlxJ8OIYePBAcGVJVBXjEtawfvXU6ulU8w4LEgyOI=
github.com/gethugothemes/hugo-modules/components/social-share v0.0.0-20220928070555-df11ed43c2ec h1:OkONa3pSRMrLq/4tdjpnciRURc/wP3vFfo7JfPgrB6Q=
github.com/gethugothemes/hugo-modules/components/social-share v0.0.0-20220928070555-df11ed43c2ec/go.mod h1:v5oZkYiFVUGtOO2DLYLaKaKQ3wvoX9hhRqtKK2hfVHs=
github.com/gethugothemes/hugo-modules/components/valine-comment v0.0.0-20220928070555-df11ed43c2ec h1:nT6iqCNmpsBIzDgSAKM+CAe56vOYwC1XAabji9XcA/o=
github.com/gethugothemes/hugo-modules/components/valine-comment v0.0.0-20220928070555-df11ed43c2ec/go.mod h1:q8rNqaMkS6gexC3UBzWgbzLoOPRCCsTH/RcpxRMR984=
github.com/gethugothemes/hugo-modules/gzip-caching v0.0.0-20220928070555-df11ed43c2ec h1:BYnysoib343Cel/zlt6udFr0S4hj+D1ZbE6gWIikEbQ=
github.com/gethugothemes/hugo-modules/gzip-caching v0.0.0-20220928070555-df11ed43c2ec/go.mod h1:L6OgQZzB2qmj5499M4XSAvUXKG/vo6Sgmyaosjsjj84=
github.com/gethugothemes/hugo-modules/icons/font-awesome v0.0.0-20220928070555-df11ed43c2ec h1:qc6yZNSBMPI+d5dO1KVqoBAlYQptY1w8m346A/y6wIQ=
github.com/gethugothemes/hugo-modules/icons/font-awesome v0.0.0-20220928070555-df11ed43c2ec/go.mod h1:6oWFTnmfHxtDU3t6Wj4d4lmvBg/cZLb1l5CpnfOiS0c=
github.com/gethugothemes/hugo-modules/images v0.0.0-20220928070555-df11ed43c2ec h1:R2VBgncViU26UGddoED4kJWwjP5pEU7aCdjD//c/Zgo=
github.com/gethugothemes/hugo-modules/images v0.0.0-20220928070555-df11ed43c2ec/go.mod h1:kmJnNFAQo/bls1U8QpUD99FSB0ZqaiLI0NoxNIWBqg0=
github.com/gethugothemes/hugo-modules/pwa v0.0.0-20220928070555-df11ed43c2ec h1:ord4OQtEq4WMVrq7w1RBgaHqh9VOLRRZoEZivs97EQE=
github.com/gethugothemes/hugo-modules/pwa v0.0.0-20220928070555-df11ed43c2ec/go.mod h1:Md7tUKcLT/eGRi4OTKpi3AxHxZJULdDFUL/VOAMZe24=
github.com/gethugothemes/hugo-modules/seo-tools/baidu-analytics v0.0.0-20220928070555-df11ed43c2ec h1:PemjxfdlpTvn8euONeCakapWEy+KsPZHkoxVEuRKd6k=
github.com/gethugothemes/hugo-modules/seo-tools/baidu-analytics v0.0.0-20220928070555-df11ed43c2ec/go.mod h1:5nK/nKxJjbLhiYwTAsDqcJM9TuXC/XYrs+kA2l3V78g=
github.com/gethugothemes/hugo-modules/seo-tools/basic-seo v0.0.0-20220928070555-df11ed43c2ec h1:a43W4IZgHcbgWQJKOOiDE58Ttv0GGH9Zka1z3mwiUp0=
github.com/gethugothemes/hugo-modules/seo-tools/basic-seo v0.0.0-20220928070555-df11ed43c2ec/go.mod h1:1NoEXD4ibH6gAzyS4HwJqc6nXoQYUJBMpCfWdQzzm8A=
github.com/gethugothemes/hugo-modules/seo-tools/counter-analytics v0.0.0-20220928070555-df11ed43c2ec h1:UsYqSVtyW9djRnWGmWQd31pQfvQzI52VgAMFvlomSKc=
github.com/gethugothemes/hugo-modules/seo-tools/counter-analytics v0.0.0-20220928070555-df11ed43c2ec/go.mod h1:iTvG1ZX6AuQnVS7w2egtzlYiCFHS8ydtNkiFSf2ah+Y=
github.com/gethugothemes/hugo-modules/seo-tools/google-tag-manager v0.0.0-20220928070555-df11ed43c2ec h1:0jV7xtwf1RXemgszORZ/ub8b46DgJm6y9IhTs2YkGT0=
github.com/gethugothemes/hugo-modules/seo-tools/google-tag-manager v0.0.0-20220928070555-df11ed43c2ec/go.mod h1:zORKJDYM+W1S7BL3OD7vB/W3skoJzDude5wSS7xh7u4=
github.com/gethugothemes/hugo-modules/seo-tools/matomo-analytics v0.0.0-20220928070555-df11ed43c2ec h1:Kia7AcZwKodELvWBWywzpKZAWwiB0criFsl9ieHg8Wc=
github.com/gethugothemes/hugo-modules/seo-tools/matomo-analytics v0.0.0-20220928070555-df11ed43c2ec/go.mod h1:CCx/ROCbZydd/KxGwIEp/BHLSpeG7QqS04gQv/jHIv4=
github.com/gethugothemes/hugo-modules/seo-tools/plausible-analytics v0.0.0-20220928070555-df11ed43c2ec h1:rK6AUSqoNp8F1CIGJzSz1jdPdN8rVATXG0B0qYq+s5g=
github.com/gethugothemes/hugo-modules/seo-tools/plausible-analytics v0.0.0-20220928070555-df11ed43c2ec/go.mod h1:Q/QQkcNHEAolYrtxZ8EFVCv8ah2CrHhQ3+mbPvGzmKg=
github.com/gethugothemes/hugo-modules/seo-tools/site-verifications v0.0.0-20220928070555-df11ed43c2ec h1:shqEl58aIG8HQzRCImgU9wdF6U7kHV/LQ5+YFco6oFk=
github.com/gethugothemes/hugo-modules/seo-tools/site-verifications v0.0.0-20220928070555-df11ed43c2ec/go.mod h1:tHubpePaBJfKBbNA4TVluIFU6a8XnnR+PaTScpfZE2w=
github.com/gethugothemes/hugo-modules/shortcodes/buttons v0.0.0-20220928070555-df11ed43c2ec h1:1bIFYw10fJ7kFJnr0RaC1PIX3Qp11a5t77l5DvZXdTs=
github.com/gethugothemes/hugo-modules/shortcodes/buttons v0.0.0-20220928070555-df11ed43c2ec/go.mod h1:4KE94YGEyfAHgYJKmQhHVm4U6zF8udSNr0AyeAU1oCU=
github.com/gethugothemes/hugo-modules/shortcodes/codepen v0.0.0-20220928070555-df11ed43c2ec h1:ZTe+mZHTRXaSjKMoEl5HWL4SNSz//OQOZhp0p0YWWfY=
github.com/gethugothemes/hugo-modules/shortcodes/codepen v0.0.0-20220928070555-df11ed43c2ec/go.mod h1:sxfCbmKAcHTpApzOji672pLZ41YXy/Piy/L/rK5RnkI=
github.com/gethugothemes/hugo-modules/shortcodes/collapse v0.0.0-20220928070555-df11ed43c2ec h1:HAGcRjed4Foct/ZIlMKOiJDPaYWcNE2BPyNK45mf4eo=
github.com/gethugothemes/hugo-modules/shortcodes/collapse v0.0.0-20220928070555-df11ed43c2ec/go.mod h1:9Bq8rrzsHP0H4cnlGh9Jgx+Y+iof1+7CWK/a3nImHCc=
github.com/gethugothemes/hugo-modules/shortcodes/gallery v0.0.0-20220928070555-df11ed43c2ec h1:J9q6NoPTBIFLfCr3pQERemu6itZFyKi3MAyrGPpJQJw=
github.com/gethugothemes/hugo-modules/shortcodes/gallery v0.0.0-20220928070555-df11ed43c2ec/go.mod h1:0IiyZojIP4jdCJjnFT7gAmPGzl/ZrAEN5fgZ1wcaWX4=
github.com/gethugothemes/hugo-modules/shortcodes/image v0.0.0-20220928070555-df11ed43c2ec h1:7nTR6/t1VyUux13vfp2pQr27ZWp3bFHJt95z4EJGEnU=
github.com/gethugothemes/hugo-modules/shortcodes/image v0.0.0-20220928070555-df11ed43c2ec/go.mod h1:HQLF/WH52nSjSIo3DeztUZ+wLj+UlgeR2dwgtE2EqUg=
github.com/gethugothemes/hugo-modules/shortcodes/notice v0.0.0-20220928070555-df11ed43c2ec h1:zbebk/are146KN7awAh0HkBv23WDFSc/wdFhn36mStI=
github.com/gethugothemes/hugo-modules/shortcodes/notice v0.0.0-20220928070555-df11ed43c2ec/go.mod h1:n2yAJO6bRpUQ1KDyTZhYeL+0p18gslzqFaDjzDxUeyk=
github.com/gethugothemes/hugo-modules/shortcodes/table-of-contents v0.0.0-20220928070555-df11ed43c2ec h1:IocAePxea1AGouy2IUUNhAylTieIMWdSQemNjLcBHrw=
github.com/gethugothemes/hugo-modules/shortcodes/table-of-contents v0.0.0-20220928070555-df11ed43c2ec/go.mod h1:E23tqmkeXRMR8IU8hTpG2oPM23MqV2FvCMcR1Xhg7nk=
github.com/gethugothemes/hugo-modules/shortcodes/tabs v0.0.0-20220928070555-df11ed43c2ec h1:q5kk7NF7GXK6o+T36F8553nUMGBfwVWSs7T+UTIyziY=
github.com/gethugothemes/hugo-modules/shortcodes/tabs v0.0.0-20220928070555-df11ed43c2ec/go.mod h1:1GbDNUufvDpQkk91HLfNsY041+1Y8q64ZJRNwreUhzY=
github.com/gethugothemes/hugo-modules/shortcodes/video v0.0.0-20220928070555-df11ed43c2ec h1:ynzJfYilhvGl4YWWbWGY4/rfTWUh6eLkZ+pzuwv3nN0=
github.com/gethugothemes/hugo-modules/shortcodes/video v0.0.0-20220928070555-df11ed43c2ec/go.mod h1:0CCU/WXfZEL5d9P/ygxCwIBoFk3O2eNf3g8KlX/2oBw=
github.com/gethugothemes/hugo-modules/shortcodes/vimeo-lite v0.0.0-20220928070555-df11ed43c2ec h1:NHbztfTL+lNzZFGVLOchGoQK/WVFGVcwbcgCJdKK224=
github.com/gethugothemes/hugo-modules/shortcodes/vimeo-lite v0.0.0-20220928070555-df11ed43c2ec/go.mod h1:wwR/HpUs1unDwSpnBKqhjEj69zfkaSRXOYX+aDdyMzA=
github.com/gethugothemes/hugo-modules/shortcodes/youtube-lite v0.0.0-20220928070555-df11ed43c2ec h1:7zUaAR4giJt/YM5/4JXtVW1ECIjQfKRTBGS1OVld7hU=
github.com/gethugothemes/hugo-modules/shortcodes/youtube-lite v0.0.0-20220928070555-df11ed43c2ec/go.mod h1:PPyKn2XwfX8A8jt8J24w6XpTOFpsiDk6kz7/HfsF+Jc=
github.com/gohugoio/hugo-mod-bootstrap-scss/v5 v5.20200.20100 h1:YfBUWb8p0QBkMjabA6bFhhzwbz37SBVW7b7OUCFgZUE=
github.com/gohugoio/hugo-mod-bootstrap-scss/v5 v5.20200.20100/go.mod h1:Z5Bhe4pfn8reoHhWqCQMWEAynLCIeBAt1TDwni4fipM=
github.com/gohugoio/hugo-mod-jslibs-dist/popperjs/v2 v2.21100.20000/go.mod h1:mFberT6ZtcchrsDtfvJM7aAH2bDKLdOnruUHl0hlapI=
github.com/twbs/bootstrap v5.2.1+incompatible/go.mod h1:fZTSrkpSf0/HkL0IIJzvVspTt1r9zuf7XlZau8kpcY0=
